
Microsoft Visual Studio Solution File, Format Version 12.00
# Visual Studio Version 16
VisualStudioVersion = 25.0.1706.0
MinimumVisualStudioVersion = 10.0.40219.1
Project("{FAE04EC0-301F-11D3-BF4B-00C04F79EFBC}") = "budgetTracking.Android", "budgetTracking\budgetTracking.Android\budgetTracking.Android.csproj", "{3D9D00B8-CFF0-4559-8DC8-36159CB99013}"
EndProject
Project("{FAE04EC0-301F-11D3-BF4B-00C04F79EFBC}") = "budgetTracking.iOS", "budgetTracking\budgetTracking.iOS\budgetTracking.iOS.csproj", "{CEE03C71-242D-4929-8A75-EB45E547D964}"
EndProject
Project("{FAE04EC0-301F-11D3-BF4B-00C04F79EFBC}") = "budgetTracking", "budgetTracking\budgetTracking\budgetTracking.csproj", "{95EE28A4-964D-47A8-B85F-EE321BDAD839}"
EndProject
Global
	GlobalSection(SolutionConfigurationPlatforms) = preSolution
		Debug|Any CPU = Debug|Any CPU
		Release|Any CPU = Release|Any CPU
		Debug|iPhoneSimulator = Debug|iPhoneSimulator
		Release|iPhoneSimulator = Release|iPhoneSimulator
		Debug|iPhone = Debug|iPhone
		Release|iPhone = Release|iPhone
	EndGlobalSection
	GlobalSection(ProjectConfigurationPlatforms) = postSolution
		{3D9D00B8-CFF0-4559-8DC8-36159CB99013}.Debug|Any CPU.ActiveCfg = Debug|Any CPU
		{3D9D00B8-CFF0-4559-8DC8-36159CB99013}.Debug|Any CPU.Build.0 = Debug|Any CPU
		{3D9D00B8-CFF0-4559-8DC8-36159CB99013}.Release|Any CPU.ActiveCfg = Release|Any CPU
		{3D9D00B8-CFF0-4559-8DC8-36159CB99013}.Release|Any CPU.Build.0 = Release|Any CPU
		{3D9D00B8-CFF0-4559-8DC8-36159CB99013}.Debug|iPhoneSimulator.ActiveCfg = Debug|Any CPU
		{3D9D00B8-CFF0-4559-8DC8-36159CB99013}.Debug|iPhoneSimulator.Build.0 = Debug|Any CPU
		{3D9D00B8-CFF0-4559-8DC8-36159CB99013}.Release|iPhoneSimulator.ActiveCfg = Release|Any CPU
		{3D9D00B8-CFF0-4559-8DC8-36159CB99013}.Release|iPhoneSimulator.Build.0 = Release|Any CPU
		{3D9D00B8-CFF0-4559-8DC8-36159CB99013}.Debug|iPhone.ActiveCfg = Debug|Any CPU
		{3D9D00B8-CFF0-4559-8DC8-36159CB99013}.Debug|iPhone.Build.0 = Debug|Any CPU
		{3D9D00B8-CFF0-4559-8DC8-36159CB99013}.Release|iPhone.ActiveCfg = Release|Any CPU
		{3D9D00B8-CFF0-4559-8DC8-36159CB99013}.Release|iPhone.Build.0 = Release|Any CPU
		{CEE03C71-242D-4929-8A75-EB45E547D964}.Debug|Any CPU.ActiveCfg = Debug|iPhoneSimulator
		{CEE03C71-242D-4929-8A75-EB45E547D964}.Debug|Any CPU.Build.0 = Debug|iPhoneSimulator
		{CEE03C71-242D-4929-8A75-EB45E547D964}.Release|Any CPU.ActiveCfg = Release|iPhoneSimulator
		{CEE03C71-242D-4929-8A75-EB45E547D964}.Release|Any CPU.Build.0 = Release|iPhoneSimulator
		{CEE03C71-242D-4929-8A75-EB45E547D964}.Debug|iPhoneSimulator.ActiveCfg = Debug|iPhoneSimulator
		{CEE03C71-242D-4929-8A75-EB45E547D964}.Debug|iPhoneSimulator.Build.0 = Debug|iPhoneSimulator
		{CEE03C71-242D-4929-8A75-EB45E547D964}.Release|iPhoneSimulator.ActiveCfg = Release|iPhoneSimulator
		{CEE03C71-242D-4929-8A75-EB45E547D964}.Release|iPhoneSimulator.Build.0 = Release|iPhoneSimulator
		{CEE03C71-242D-4929-8A75-EB45E547D964}.Debug|iPhone.ActiveCfg = Debug|iPhone
		{CEE03C71-242D-4929-8A75-EB45E547D964}.Debug|iPhone.Build.0 = Debug|iPhone
		{CEE03C71-242D-4929-8A75-EB45E547D964}.Release|iPhone.ActiveCfg = Release|iPhone
		{CEE03C71-242D-4929-8A75-EB45E547D964}.Release|iPhone.Build.0 = Release|iPhone
		{95EE28A4-964D-47A8-B85F-EE321BDAD839}.Debug|Any CPU.ActiveCfg = Debug|Any CPU
		{95EE28A4-964D-47A8-B85F-EE321BDAD839}.Debug|Any CPU.Build.0 = Debug|Any CPU
		{95EE28A4-964D-47A8-B85F-EE321BDAD839}.Release|Any CPU.ActiveCfg = Release|Any CPU
		{95EE28A4-964D-47A8-B85F-EE321BDAD839}.Release|Any CPU.Build.0 = Release|Any CPU
		{95EE28A4-964D-47A8-B85F-EE321BDAD839}.Debug|iPhoneSimulator.ActiveCfg = Debug|Any CPU
		{95EE28A4-964D-47A8-B85F-EE321BDAD839}.Debug|iPhoneSimulator.Build.0 = Debug|Any CPU
		{95EE28A4-964D-47A8-B85F-EE321BDAD839}.Release|iPhoneSimulator.ActiveCfg = Release|Any CPU
		{95EE28A4-964D-47A8-B85F-EE321BDAD839}.Release|iPhoneSimulator.Build.0 = Release|Any CPU
		{95EE28A4-964D-47A8-B85F-EE321BDAD839}.Debug|iPhone.ActiveCfg = Debug|Any CPU
		{95EE28A4-964D-47A8-B85F-EE321BDAD839}.Debug|iPhone.Build.0 = Debug|Any CPU
		{95EE28A4-964D-47A8-B85F-EE321BDAD839}.Release|iPhone.ActiveCfg = Release|Any CPU
		{95EE28A4-964D-47A8-B85F-EE321BDAD839}.Release|iPhone.Build.0 = Release|Any CPU
	EndGlobalSection
	GlobalSection(SolutionProperties) = preSolution
		HideSolutionNode = FALSE
	EndGlobalSection
	GlobalSection(ExtensibilityGlobals) = postSolution
		SolutionGuid = {AF80A245-852C-47D5-9279-EBC55D3CB8DC}
	EndGlobalSection
EndGlobal
